PODS:
  - Flutter (1.0.0)
  - pallycon_drm_sdk_ios (1.0.0):
    - Flutter
    - PallyConFPSSDK
  - PallyConFPSSDK (1.17.3)

DEPENDENCIES:
  - Flutter (from `Flutter`)
  - pallycon_drm_sdk_ios (from `.symlinks/plugins/pallycon_drm_sdk_ios/ios`)
  - PallyConFPSSDK

SPEC REPOS:
  trunk:
    - PallyConFPSSDK

EXTERNAL SOURCES:
  Flutter:
    :path: Flutter
  pallycon_drm_sdk_ios:
    :path: ".symlinks/plugins/pallycon_drm_sdk_ios/ios"

SPEC CHECKSUMS:
  Flutter: f04841e97a9d0b0a8025694d0796dd46242b2854
  pallycon_drm_sdk_ios: d3975e153259d9bc62a20a85943a72bc02c887e9
  PallyConFPSSDK: 77ae817a70d094e69a7edda46fd69214688a6511

PODFILE CHECKSUM: 16c1f36481cdf697d3a7d28e84fb4f0170987691

COCOAPODS: 1.13.0
